// !$*UTF8*$!
{
	archiveVersion = 1;
	classes = {
	};
	objectVersion = 50;
	objects = {

/* Begin PBXBuildFile section */
		8D3F67DA24BF4719002F8FAB /* AppDelegate.swift in Sources */ = {isa = PBXBuildFile; fileRef = 8D3F67D924BF4719002F8FAB /* AppDelegate.swift */; };
		8D3F67DC24BF4719002F8FAB /* SceneDelegate.swift in Sources */ = {isa = PBXBuildFile; fileRef = 8D3F67DB24BF4719002F8FAB /* SceneDelegate.swift */; };
		8D3F67DE24BF4719002F8FAB /* ViewController.swift in Sources */ = {isa = PBXBuildFile; fileRef = 8D3F67DD24BF4719002F8FAB /* ViewController.swift */; };
		8D3F67E124BF4719002F8FAB /* Main.storyboard in Resources */ = {isa = PBXBuildFile; fileRef = 8D3F67DF24BF4719002F8FAB /* Main.storyboard */; };
		8D3F67E324BF471B002F8FAB /* Assets.xcassets in Resources */ = {isa = PBXBuildFile; fileRef = 8D3F67E224BF471B002F8FAB /* Assets.xcassets */; };
		8D3F67E624BF471B002F8FAB /* LaunchScreen.storyboard in Resources */ = {isa = PBXBuildFile; fileRef = 8D3F67E424BF471B002F8FAB /* LaunchScreen.storyboard */; };
		8D3F67EE24BF4768002F8FAB /* Ctegory.swift in Sources */ = {isa = PBXBuildFile; fileRef = 8D3F67ED24BF4768002F8FAB /* Ctegory.swift */; };
		8D3F67F024BF4876002F8FAB /* Item.swift in Sources */ = {isa = PBXBuildFile; fileRef = 8D3F67EF24BF4876002F8FAB /* Item.swift */; };
		8D3F67F224BF4AF7002F8FAB /* DataSource.swift in Sources */ = {isa = PBXBuildFile; fileRef = 8D3F67F124BF4AF7002F8FAB /* DataSource.swift */; };
		8D3F67F424C0974D002F8FAB /* AddItemViewController.swift in Sources */ = {isa = PBXBuildFile; fileRef = 8D3F67F324C0974D002F8FAB /* AddItemViewController.swift */; };
/* End PBXBuildFile section */

/* Begin PBXFileReference section */
		8D3F67D624BF4719002F8FAB /* ShoppingList-DiffableTableView.app */ = {isa = PBXFileReference; explicitFileType = wrapper.application; includeInIndex = 0; path = "ShoppingList-DiffableTableView.app"; sourceTree = BUILT_PRODUCTS_DIR; };
		8D3F67D924BF4719002F8FAB /* AppDelegate.swift */ = {isa = PBXFileReference; lastKnownFileType = sourcecode.swift; path = AppDelegate.swift; sourceTree = "<group>"; };
		8D3F67DB24BF4719002F8FAB /* SceneDelegate.swift */ = {isa = PBXFileReference; lastKnownFileType = sourcecode.swift; path = SceneDelegate.swift; sourceTree = "<group>"; };
		8D3F67DD24BF4719002F8FAB /* ViewController.swift */ = {isa = PBXFileReference; lastKnownFileType = sourcecode.swift; path = ViewController.swift; sourceTree = "<group>"; };
		8D3F67E024BF4719002F8FAB /* Base */ = {isa = PBXFileReference; lastKnownFileType = file.storyboard; name = Base; path = Base.lproj/Main.storyboard; sourceTree = "<group>"; };
		8D3F67E224BF471B002F8FAB /* Assets.xcassets */ = {isa = PBXFileReference; lastKnownFileType = folder.assetcatalog; path = Assets.xcassets; sourceTree = "<group>"; };
		8D3F67E524BF471B002F8FAB /* Base */ = {isa = PBXFileReference; lastKnownFileType = file.storyboard; name = Base; path = Base.lproj/LaunchScreen.storyboard; sourceTree = "<group>"; };
		8D3F67E724BF471B002F8FAB /* Info.plist */ = {isa = PBXFileReference; lastKnownFileType = text.plist.xml; path = Info.plist; sourceTree = "<group>"; };
		8D3F67ED24BF4768002F8FAB /* Ctegory.swift */ = {isa = PBXFileReference; lastKnownFileType = sourcecode.swift; path = Ctegory.swift; sourceTree = "<group>"; };
		8D3F67EF24BF4876002F8FAB /* Item.swift */ = {isa = PBXFileReference; lastKnownFileType = sourcecode.swift; path = Item.swift; sourceTree = "<group>"; };
		8D3F67F124BF4AF7002F8FAB /* DataSource.swift */ = {isa = PBXFileReference; lastKnownFileType = sourcecode.swift; path = DataSource.swift; sourceTree = "<group>"; };
		8D3F67F324C0974D002F8FAB /* AddItemViewController.swift */ = {isa = PBXFileReference; lastKnownFileType = sourcecode.swift; path = AddItemViewController.swift; sourceTree = "<group>"; };
/* End PBXFileReference section */

/* Begin PBXFrameworksBuildPhase section */
		8D3F67D324BF4719002F8FAB /* Frameworks */ = {
			isa = PBXFrameworksBuildPhase;
			buildActionMask = 2147483647;
			files = (
			);
			runOnlyForDeploymentPostprocessing = 0;
		};
/* End PBXFrameworksBuildPhase section */

/* Begin PBXGroup section */
		8D3F67CD24BF4719002F8FAB = {
			isa = PBXGroup;
			children = (
				8D3F67D824BF4719002F8FAB /* ShoppingList-DiffableTableView */,
				8D3F67D724BF4719002F8FAB /* Products */,
			);
			sourceTree = "<group>";
		};
		8D3F67D724BF4719002F8FAB /* Products */ = {
			isa = PBXGroup;
			children = (
				8D3F67D624BF4719002F8FAB /* ShoppingList-DiffableTableView.app */,
			);
			name = Products;
			sourceTree = "<group>";
		};
		8D3F67D824BF4719002F8FAB /* ShoppingList-DiffableTableView */ = {
			isa = PBXGroup;
			children = (
				8D3F67D924BF4719002F8FAB /* AppDelegate.swift */,
				8D3F67DB24BF4719002F8FAB /* SceneDelegate.swift */,
				8D3F67DD24BF4719002F8FAB /* ViewController.swift */,
				8D3F67DF24BF4719002F8FAB /* Main.storyboard */,
				8D3F67E224BF471B002F8FAB /* Assets.xcassets */,
				8D3F67E424BF471B002F8FAB /* LaunchScreen.storyboard */,
				8D3F67E724BF471B002F8FAB /* Info.plist */,
				8D3F67ED24BF4768002F8FAB /* Ctegory.swift */,
				8D3F67EF24BF4876002F8FAB /* Item.swift */,
				8D3F67F124BF4AF7002F8FAB /* DataSource.swift */,
				8D3F67F324C0974D002F8FAB /* AddItemViewController.swift */,
			);
			path = "ShoppingList-DiffableTableView";
			sourceTree = "<group>";
		};
/* End PBXGroup section */

/* Begin PBXNativeTarget section */
		8D3F67D524BF4719002F8FAB /* ShoppingList-DiffableTableView */ = {
			isa = PBXNativeTarget;
			buildConfigurationList = 8D3F67EA24BF471B002F8FAB /* Build configuration list for PBXNativeTarget "ShoppingList-DiffableTableView" */;
			buildPhases = (
				8D3F67D224BF4719002F8FAB /* Sources */,
				8D3F67D324BF4719002F8FAB /* Frameworks */,
				8D3F67D424BF4719002F8FAB /* Resources */,
			);
			buildRules = (
			);
			dependencies = (
			);
			name = "ShoppingList-DiffableTableView";
			productName = "ShoppingList-DiffableTableView";
			productReference = 8D3F67D624BF4719002F8FAB /* ShoppingList-DiffableTableView.app */;
			productType = "com.apple.product-type.application";
		};
/* End PBXNativeTarget section */

/* Begin PBXProject section */
		8D3F67CE24BF4719002F8FAB /* Project object */ = {
			isa = PBXProject;
			attributes = {
				LastSwiftUpdateCheck = 1150;
				LastUpgradeCheck = 1150;
				ORGANIZATIONNAME = "Luba Kaper";
				TargetAttributes = {
					8D3F67D524BF4719002F8FAB = {
						CreatedOnToolsVersion = 11.5;
					};
				};
			};
			buildConfigurationList = 8D3F67D124BF4719002F8FAB /* Build configuration list for PBXProject "ShoppingList-DiffableTableView" */;
			compatibilityVersion = "Xcode 9.3";
			developmentRegion = en;
			hasScannedForEncodings = 0;
			knownRegions = (
				en,
				Base,
			);
			mainGroup = 8D3F67CD24BF4719002F8FAB;
			productRefGroup = 8D3F67D724BF4719002F8FAB /* Products */;
			projectDirPath = "";
			projectRoot = "";
			targets = (
				8D3F67D524BF4719002F8FAB /* ShoppingList-DiffableTableView */,
			);
		};
/* End PBXProject section */

/* Begin PBXResourcesBuildPhase section */
		8D3F67D424BF4719002F8FAB /* Resources */ = {
			isa = PBXResourcesBuildPhase;
			buildActionMask = 2147483647;
			files = (
				8D3F67E624BF471B002F8FAB /* LaunchScreen.storyboard in Resources */,
				8D3F67E324BF471B002F8FAB /* Assets.xcassets in Resources */,
				8D3F67E124BF4719002F8FAB /* Main.storyboard in Resources */,
			);
			runOnlyForDeploymentPostprocessing = 0;
		};
/* End PBXResourcesBuildPhase section */

/* Begin PBXSourcesBuildPhase section */
		8D3F67D224BF4719002F8FAB /* Sources */ = {
			isa = PBXSourcesBuildPhase;
			buildActionMask = 2147483647;
			files = (
				8D3F67F224BF4AF7002F8FAB /* DataSource.swift in Sources */,
				8D3F67F024BF4876002F8FAB /* Item.swift in Sources */,
				8D3F67DE24BF4719002F8FAB /* ViewController.swift in Sources */,
				8D3F67EE24BF4768002F8FAB /* Ctegory.swift in Sources */,
				8D3F67F424C0974D002F8FAB /* AddItemViewController.swift in Sources */,
				8D3F67DA24BF4719002F8FAB /* AppDelegate.swift in Sources */,
				8D3F67DC24BF4719002F8FAB /* SceneDelegate.swift in Sources */,
			);
			runOnlyForDeploymentPostprocessing = 0;
		};
/* End PBXSourcesBuildPhase section */

/* Begin PBXVariantGroup section */
		8D3F67DF24BF4719002F8FAB /* Main.storyboard */ = {
			isa = PBXVariantGroup;
			children = (
				8D3F67E024BF4719002F8FAB /* Base */,
			);
			name = Main.storyboard;
			sourceTree = "<group>";
		};
		8D3F67E424BF471B002F8FAB /* LaunchScreen.storyboard */ = {
			isa = PBXVariantGroup;
			children = (
				8D3F67E524BF471B002F8FAB /* Base */,
			);
			name = LaunchScreen.storyboard;
			sourceTree = "<group>";
		};
/* End PBXVariantGroup section */

/* Begin XCBuildConfiguration section */
		8D3F67E824BF471B002F8FAB /* Debug */ = {
			isa = XCBuildConfiguration;
			buildSettings = {
				ALWAYS_SEARCH_USER_PATHS = NO;
				CLANG_ANALYZER_NONNULL = YES;
				CLANG_ANALYZER_NUMBER_OBJECT_CONVERSION = YES_AGGRESSIVE;
				CLANG_CXX_LANGUAGE_STANDARD = "gnu++14";
				CLANG_CXX_LIBRARY = "libc++";
				CLANG_ENABLE_MODULES = YES;
				CLANG_ENABLE_OBJC_ARC = YES;
				CLANG_ENABLE_OBJC_WEAK = YES;
				CLANG_WARN_BLOCK_CAPTURE_AUTORELEASING = YES;
				CLANG_WARN_BOOL_CONVERSION = YES;
				CLANG_WARN_COMMA = YES;
				CLANG_WARN_CONSTANT_CONVERSION = YES;
				CLANG_WARN_DEPRECATED_OBJC_IMPLEMENTATIONS = YES;
				CLANG_WARN_DIRECT_OBJC_ISA_USAGE = YES_ERROR;
				CLANG_WARN_DOCUMENTATION_COMMENTS = YES;
				CLANG_WARN_EMPTY_BODY = YES;
				CLANG_WARN_ENUM_CONVERSION = YES;
				CLANG_WARN_INFINITE_RECURSION = YES;
				CLANG_WARN_INT_CONVERSION = YES;
				CLANG_WARN_NON_LITERAL_NULL_CONVERSION = YES;
				CLANG_WARN_OBJC_IMPLICIT_RETAIN_SELF = YES;
				CLANG_WARN_OBJC_LITERAL_CONVERSION = YES;
				CLANG_WARN_OBJC_ROOT_CLASS = YES_ERROR;
				CLANG_WARN_RANGE_LOOP_ANALYSIS = YES;
				CLANG_WARN_STRICT_PROTOTYPES = YES;
				CLANG_WARN_SUSPICIOUS_MOVE = YES;
				CLANG_WARN_UNGUARDED_AVAILABILITY = YES_AGGRESSIVE;
				CLANG_WARN_UNREACHABLE_CODE = YES;
				CLANG_WARN__DUPLICATE_METHOD_MATCH = YES;
				COPY_PHASE_STRIP = NO;
				DEBUG_INFORMATION_FORMAT = dwarf;
				ENABLE_STRICT_OBJC_MSGSEND = YES;
				ENABLE_TESTABILITY = YES;
				GCC_C_LANGUAGE_STANDARD = gnu11;
				GCC_DYNAMIC_NO_PIC = NO;
				GCC_NO_COMMON_BLOCKS = YES;
				GCC_OPTIMIZATION_LEVEL = 0;
				GCC_PREPROCESSOR_DEFINITIONS = (
					"DEBUG=1",
					"$(inherited)",
				);
				GCC_WARN_64_TO_32_BIT_CONVERSION = YES;
				GCC_WARN_ABOUT_RETURN_TYPE = YES_ERROR;
				GCC_WARN_UNDECLARED_SELECTOR = YES;
				GCC_WARN_UNINITIALIZED_AUTOS = YES_AGGRESSIVE;
				GCC_WARN_UNUSED_FUNCTION = YES;
				GCC_WARN_UNUSED_VARIABLE = YES;
				IPHONEOS_DEPLOYMENT_TARGET = 13.5;
				MTL_ENABLE_DEBUG_INFO = INCLUDE_SOURCE;
				MTL_FAST_MATH = YES;
				ONLY_ACTIVE_ARCH = YES;
				SDKROOT = iphoneos;
				SWIFT_ACTIVE_COMPILATION_CONDITIONS = DEBUG;
				SWIFT_OPTIMIZATION_LEVEL = "-Onone";
			};
			name = Debug;
		};
		8D3F67E924BF471B002F8FAB /* Release */ = {
			isa = XCBuildConfiguration;
			buildSettings = {
				ALWAYS_SEARCH_USER_PATHS = NO;
				CLANG_ANALYZER_NONNULL = YES;
				CLANG_ANALYZER_NUMBER_OBJECT_CONVERSION = YES_AGGRESSIVE;
				CLANG_CXX_LANGUAGE_STANDARD = "gnu++14";
				CLANG_CXX_LIBRARY = "libc++";
				CLANG_ENABLE_MODULES = YES;
				CLANG_ENABLE_OBJC_ARC = YES;
				CLANG_ENABLE_OBJC_WEAK = YES;
				CLANG_WARN_BLOCK_CAPTURE_AUTORELEASING = YES;
				CLANG_WARN_BOOL_CONVERSION = YES;
				CLANG_WARN_COMMA = YES;
				CLANG_WARN_CONSTANT_CONVERSION = YES;
				CLANG_WARN_DEPRECATED_OBJC_IMPLEMENTATIONS = YES;
				CLANG_WARN_DIRECT_OBJC_ISA_USAGE = YES_ERROR;
				CLANG_WARN_DOCUMENTATION_COMMENTS = YES;
				CLANG_WARN_EMPTY_BODY = YES;
				CLANG_WARN_ENUM_CONVERSION = YES;
				CLANG_WARN_INFINITE_RECURSION = YES;
				CLANG_WARN_INT_CONVERSION = YES;
				CLANG_WARN_NON_LITERAL_NULL_CONVERSION = YES;
				CLANG_WARN_OBJC_IMPLICIT_RETAIN_SELF = YES;
				CLANG_WARN_OBJC_LITERAL_CONVERSION = YES;
				CLANG_WARN_OBJC_ROOT_CLASS = YES_ERROR;
				CLANG_WARN_RANGE_LOOP_ANALYSIS = YES;
				CLANG_WARN_STRICT_PROTOTYPES = YES;
				CLANG_WARN_SUSPICIOUS_MOVE = YES;
				CLANG_WARN_UNGUARDED_AVAILABILITY = YES_AGGRESSIVE;
				CLANG_WARN_UNREACHABLE_CODE = YES;
				CLANG_WARN__DUPLICATE_METHOD_MATCH = YES;
				COPY_PHASE_STRIP = NO;
				DEBUG_INFORMATION_FORMAT = "dwarf-with-dsym";
				ENABLE_NS_ASSERTIONS = NO;
				ENABLE_STRICT_OBJC_MSGSEND = YES;
				GCC_C_LANGUAGE_STANDARD = gnu11;
				GCC_NO_COMMON_BLOCKS = YES;
				GCC_WARN_64_TO_32_BIT_CONVERSION = YES;
				GCC_WARN_ABOUT_RETURN_TYPE = YES_ERROR;
				GCC_WARN_UNDECLARED_SELECTOR = YES;
				GCC_WARN_UNINITIALIZED_AUTOS = YES_AGGRESSIVE;
				GCC_WARN_UNUSED_FUNCTION = YES;
				GCC_WARN_UNUSED_VARIABLE = YES;
				IPHONEOS_DEPLOYMENT_TARGET = 13.5;
				MTL_ENABLE_DEBUG_INFO = NO;
				MTL_FAST_MATH = YES;
				SDKROOT = iphoneos;
				SWIFT_COMPILATION_MODE = wholemodule;
				SWIFT_OPTIMIZATION_LEVEL = "-O";
				VALIDATE_PRODUCT = YES;
			};
			name = Release;
		};
		8D3F67EB24BF471B002F8FAB /* Debug */ = {
			isa = XCBuildConfiguration;
			buildSettings = {
				ASSETCATALOG_COMPILER_APPICON_NAME = AppIcon;
				CODE_SIGN_STYLE = Automatic;
				DEVELOPMENT_TEAM = CNV924Q9C2;
				INFOPLIST_FILE = "ShoppingList-DiffableTableView/Info.plist";
				LD_RUNPATH_SEARCH_PATHS = (
					"$(inherited)",
					"@executable_path/Frameworks",
				);
				PRODUCT_BUNDLE_IDENTIFIER = "com.lubakaper.ShoppingList-DiffableTableView";
				PRODUCT_NAME = "$(TARGET_NAME)";
				SWIFT_VERSION = 5.0;
				TARGETED_DEVICE_FAMILY = "1,2";
			};
			name = Debug;
		};
		8D3F67EC24BF471B002F8FAB /* Release */ = {
			isa = XCBuildConfiguration;
			buildSettings = {
				ASSETCATALOG_COMPILER_APPICON_NAME = AppIcon;
				CODE_SIGN_STYLE = Automatic;
				DEVELOPMENT_TEAM = CNV924Q9C2;
				INFOPLIST_FILE = "ShoppingList-DiffableTableView/Info.plist";
				LD_RUNPATH_SEARCH_PATHS = (
					"$(inherited)",
					"@executable_path/Frameworks",
				);
				PRODUCT_BUNDLE_IDENTIFIER = "com.lubakaper.ShoppingList-DiffableTableView";
				PRODUCT_NAME = "$(TARGET_NAME)";
				SWIFT_VERSION = 5.0;
				TARGETED_DEVICE_FAMILY = "1,2";
			};
			name = Release;
		};
/* End XCBuildConfiguration section */

/* Begin XCConfigurationList section */
		8D3F67D124BF4719002F8FAB /* Build configuration list for PBXProject "ShoppingList-DiffableTableView" */ = {
			isa = XCConfigurationList;
			buildConfigurations = (
				8D3F67E824BF471B002F8FAB /* Debug */,
				8D3F67E924BF471B002F8FAB /* Release */,
			);
			defaultConfigurationIsVisible = 0;
			defaultConfigurationName = Release;
		};
		8D3F67EA24BF471B002F8FAB /* Build configuration list for PBXNativeTarget "ShoppingList-DiffableTableView" */ = {
			isa = XCConfigurationList;
			buildConfigurations = (
				8D3F67EB24BF471B002F8FAB /* Debug */,
				8D3F67EC24BF471B002F8FAB /* Release */,
			);
			defaultConfigurationIsVisible = 0;
			defaultConfigurationName = Release;
		};
/* End XCConfigurationList section */
	};
	rootObject = 8D3F67CE24BF4719002F8FAB /* Project object */;
}
